
Microsoft Visual Studio Solution File, Format Version 12.00
# Visual Studio Version 17
VisualStudioVersion = 17.5.33627.172
MinimumVisualStudioVersion = 10.0.40219.1
Project("{8BC9CEB8-8B4A-11D0-8D11-00A0C91BC942}") = "checking", "checking.vcxproj", "{EB3E4E51-42A8-451C-A40B-7AC7E65CB5E1}"
EndProject
Global
	GlobalSection(SolutionConfigurationPlatforms) = preSolution
		Debug|x64 = Debug|x64
		Debug|x86 = Debug|x86
		Release|x64 = Release|x64
		Release|x86 = Release|x86
	EndGlobalSection
	GlobalSection(ProjectConfigurationPlatforms) = postSolution
		{EB3E4E51-42A8-451C-A40B-7AC7E65CB5E1}.Debug|x64.ActiveCfg = Debug|x64
		{EB3E4E51-42A8-451C-A40B-7AC7E65CB5E1}.Debug|x64.Build.0 = Debug|x64
		{EB3E4E51-42A8-451C-A40B-7AC7E65CB5E1}.Debug|x86.ActiveCfg = Debug|Win32
		{EB3E4E51-42A8-451C-A40B-7AC7E65CB5E1}.Debug|x86.Build.0 = Debug|Win32
		{EB3E4E51-42A8-451C-A40B-7AC7E65CB5E1}.Release|x64.ActiveCfg = Release|x64
		{EB3E4E51-42A8-451C-A40B-7AC7E65CB5E1}.Release|x64.Build.0 = Release|x64
		{EB3E4E51-42A8-451C-A40B-7AC7E65CB5E1}.Release|x86.ActiveCfg = Release|Win32
		{EB3E4E51-42A8-451C-A40B-7AC7E65CB5E1}.Release|x86.Build.0 = Release|Win32
	EndGlobalSection
	GlobalSection(SolutionProperties) = preSolution
		HideSolutionNode = FALSE
	EndGlobalSection
	GlobalSection(ExtensibilityGlobals) = postSolution
		SolutionGuid = {D0CD801E-8BDB-4540-A91E-0E805E08C584}
	EndGlobalSection
EndGlobal
